Microsoft Visual Studio Solution File, Format Version 12.00
# Visual Studio Version 18
VisualStudioVersion = 18.0.0.0
MinimumVisualStudioVersion = 10.0.40219.1
Project("{8BC9CEB8-8B4A-11D0-8D11-00A0C91BC942}") = "glib", "glib.vcxproj", "{12BCA020-EABF-429E-876A-A476BC9C10C0}"
EndProject
Global
	GlobalSection(SolutionConfigurationPlatforms) = preSolution
		Debug_BundledPCRE|ARM64 = Debug_BundledPCRE|ARM64
		Debug_BundledPCRE|Win32 = Debug_BundledPCRE|Win32
		Debug_BundledPCRE|x64 = Debug_BundledPCRE|x64
		Debug|ARM64 = Debug|ARM64
		Debug|Win32 = Debug|Win32
		Debug|x64 = Debug|x64
		Release_BundledPCRE|ARM64 = Release_BundledPCRE|ARM64
		Release_BundledPCRE|Win32 = Release_BundledPCRE|Win32
		Release_BundledPCRE|x64 = Release_BundledPCRE|x64
		Release|ARM64 = Release|ARM64
		Release|Win32 = Release|Win32
		Release|x64 = Release|x64
	EndGlobalSection
	GlobalSection(ProjectConfigurationPlatforms) = postSolution
		{12BCA020-EABF-429E-876A-A476BC9C10C0}.Debug_BundledPCRE|ARM64.ActiveCfg = Debug_BundledPCRE|ARM64
		{12BCA020-EABF-429E-876A-A476BC9C10C0}.Debug_BundledPCRE|ARM64.Build.0 = Debug_BundledPCRE|ARM64
		{12BCA020-EABF-429E-876A-A476BC9C10C0}.Debug_BundledPCRE|Win32.ActiveCfg = Debug_BundledPCRE|Win32
		{12BCA020-EABF-429E-876A-A476BC9C10C0}.Debug_BundledPCRE|Win32.Build.0 = Debug_BundledPCRE|Win32
		{12BCA020-EABF-429E-876A-A476BC9C10C0}.Debug_BundledPCRE|x64.ActiveCfg = Debug_BundledPCRE|x64
		{12BCA020-EABF-429E-876A-A476BC9C10C0}.Debug_BundledPCRE|x64.Build.0 = Debug_BundledPCRE|x64
		{12BCA020-EABF-429E-876A-A476BC9C10C0}.Debug|ARM64.ActiveCfg = Debug|ARM64
		{12BCA020-EABF-429E-876A-A476BC9C10C0}.Debug|ARM64.Build.0 = Debug|ARM64
		{12BCA020-EABF-429E-876A-A476BC9C10C0}.Debug|Win32.ActiveCfg = Debug|Win32
		{12BCA020-EABF-429E-876A-A476BC9C10C0}.Debug|Win32.Build.0 = Debug|Win32
		{12BCA020-EABF-429E-876A-A476BC9C10C0}.Debug|x64.ActiveCfg = Debug|x64
		{12BCA020-EABF-429E-876A-A476BC9C10C0}.Debug|x64.Build.0 = Debug|x64
		{12BCA020-EABF-429E-876A-A476BC9C10C0}.Release_BundledPCRE|ARM64.ActiveCfg = Release_BundledPCRE|ARM64
		{12BCA020-EABF-429E-876A-A476BC9C10C0}.Release_BundledPCRE|ARM64.Build.0 = Release_BundledPCRE|ARM64
		{12BCA020-EABF-429E-876A-A476BC9C10C0}.Release_BundledPCRE|Win32.ActiveCfg = Release_BundledPCRE|Win32
		{12BCA020-EABF-429E-876A-A476BC9C10C0}.Release_BundledPCRE|Win32.Build.0 = Release_BundledPCRE|Win32
		{12BCA020-EABF-429E-876A-A476BC9C10C0}.Release_BundledPCRE|x64.ActiveCfg = Release_BundledPCRE|x64
		{12BCA020-EABF-429E-876A-A476BC9C10C0}.Release_BundledPCRE|x64.Build.0 = Release_BundledPCRE|x64
		{12BCA020-EABF-429E-876A-A476BC9C10C0}.Release|ARM64.ActiveCfg = Release|ARM64
		{12BCA020-EABF-429E-876A-A476BC9C10C0}.Release|ARM64.Build.0 = Release|ARM64
		{12BCA020-EABF-429E-876A-A476BC9C10C0}.Release|Win32.ActiveCfg = Release|Win32
		{12BCA020-EABF-429E-876A-A476BC9C10C0}.Release|Win32.Build.0 = Release|Win32
		{12BCA020-EABF-429E-876A-A476BC9C10C0}.Release|x64.ActiveCfg = Release|x64
		{12BCA020-EABF-429E-876A-A476BC9C10C0}.Release|x64.Build.0 = Release|x64
	EndGlobalSection
	GlobalSection(SolutionProperties) = preSolution
		HideSolutionNode = FALSE
	EndGlobalSection
EndGlobal
